{
	"name": "@yoge_shource/wireframe-ui",
	"version": "1.0.1-alpha.0",
	"lockfileVersion": 1,
	"requires": true,
	"dependencies": {
		"@gmdev/button": {
			"version": "0.0.3",
			"resolved": "https://registry.npmjs.org/@gmdev/button/-/button-0.0.3.tgz",
			"integrity": "sha512-g5mj/daRErV/MW3uQqB8yR2ev6uGI5TXi0hf7v9GeR6dXh/bW8vM3MvQfy371xNSfmhU/ldoqYCbhoHfPnkUHw=="
		},
		"@gmdev/counter": {
			"version": "0.0.3",
			"resolved": "https://registry.npmjs.org/@gmdev/counter/-/counter-0.0.3.tgz",
			"integrity": "sha512-+U8fcC4DMKvLA4N6ieSp0Dt1/9lebjfrwiPD8dYiXBkQDlo7w1bJJ+7g9clRHmFyV6ufwNReNcTXMcrna1sY0Q=="
		}
	}
}
