{
	"name": "@yoge-shource/wireframe-ui",
	"version": "1.0.3",
	"lockfileVersion": 1,
	"requires": true,
	"dependencies": {
		"@yoge-shource/button": {
			"version": "0.1.2",
			"resolved": "https://registry.npmjs.org/@yoge-shource/button/-/button-0.1.2.tgz",
			"integrity": "sha512-xqXHE0ub0Yii1AiBzUGEv6uxCp1w6VDbNIiX0wcOov7cVFc9t5xr1ccoAQZgDZKyTsBjRucrGD3iB8NwSut/sw=="
		},
		"@yoge-shource/counter": {
			"version": "0.1.2",
			"resolved": "https://registry.npmjs.org/@yoge-shource/counter/-/counter-0.1.2.tgz",
			"integrity": "sha512-64xhaV/6JQAFyV75MSreQZVe4/1fr5m6ECnC8A6e930V82PvC1GqbfJt/Xci3A3ihQUXXwjORWx6zq1opJWpHQ=="
		}
	}
}
