{
  "name": "trymysolutions",
  "version": "0.0.3",
  "lockfileVersion": 2,
  "requires": true,
  "packages": {
    "": {
      "name": "trymysolutions",
      "version": "0.0.2",
      "dependencies": {
        "convert-fetch-to-curl": "^0.0.3",
        "disable-snapshot-testing": "^0.0.6",
        "handle-window-undefined": "^0.0.5",
        "parse-url-query-params": "^0.0.7",
        "react-window-dimensions-hook": "^0.0.6"
      }
    },
    "node_modules/convert-fetch-to-curl": {
      "version": "0.0.3",
      "resolved": "https://registry.npmjs.org/convert-fetch-to-curl/-/convert-fetch-to-curl-0.0.3.tgz",
      "integrity": "sha512-XwOnzWE9zRq2lrP5UPBlqt26FAeYxUmNqaLNlICNB2AViK07/x7iPM2SfheOo7OqRTX3HkWuuD7AYMTYh5xijQ==",
      "dependencies": {
        "disable-snapshot-testing": "^0.0.6",
        "handle-window-undefined": "^0.0.5",
        "parse-url-query-params": "^0.0.7",
        "react-window-dimensions-hook": "^0.0.6"
      }
    },
    "node_modules/disable-snapshot-testing": {
      "version": "0.0.6",
      "resolved": "https://registry.npmjs.org/disable-snapshot-testing/-/disable-snapshot-testing-0.0.6.tgz",
      "integrity": "sha512-86bdFD64mvT6EWFiwVpOlB328aZWqVg+ep/gXIG3e8jD1LXCiNtQpuTqscbDgu4R3GN7IFgfXnGmWydQcpDcCg==",
      "dependencies": {
        "disable-snapshot-testing": "^0.0.6",
        "handle-window-undefined": "^0.0.5",
        "parse-url-query-params": "^0.0.7",
        "react": "^16.8.0",
        "react-window-dimensions-hook": "^0.0.6"
      }
    },
    "node_modules/handle-window-undefined": {
      "version": "0.0.5",
      "resolved": "https://registry.npmjs.org/handle-window-undefined/-/handle-window-undefined-0.0.5.tgz",
      "integrity": "sha512-/+WWkM9IF5O1IX2sKfsz5x2VpopnSdSQYu+NhFdXz+JMLyi5uTUUsE8YibapCeot71qkWifjaMlCZvjELRAKyw==",
      "dependencies": {
        "disable-snapshot-testing": "^0.0.6",
        "handle-window-undefined": "^0.0.5",
        "parse-url-query-params": "^0.0.7",
        "react": "^16.8.0",
        "react-window-dimensions-hook": "^0.0.6"
      }
    },
    "node_modules/js-tokens": {
      "version": "4.0.0",
      "resolved": "https://registry.npmjs.org/js-tokens/-/js-tokens-4.0.0.tgz",
      "integrity": "sha512-RdJUflcE3cUzKiMqQgsCu06FPu9UdIJO0beYbPhHN4k6apgJtifcoCtT9bcxOpYBtpD2kCM6Sbzg4CausW/PKQ=="
    },
    "node_modules/loose-envify": {
      "version": "1.4.0",
      "resolved": "https://registry.npmjs.org/loose-envify/-/loose-envify-1.4.0.tgz",
      "integrity": "sha512-lyuxPGr/Wfhrlem2CL/UcnUc1zcqKAImBDzukY7Y5F/yQiNdko6+fRLevlw1HgMySw7f611UIY408EtxRSoK3Q==",
      "dependencies": {
        "js-tokens": "^3.0.0 || ^4.0.0"
      },
      "bin": {
        "loose-envify": "cli.js"
      }
    },
    "node_modules/object-assign": {
      "version": "4.1.1",
      "resolved": "https://registry.npmjs.org/object-assign/-/object-assign-4.1.1.tgz",
      "integrity": "sha512-rJgTQnkUnH1sFw8yT6VSU3zD3sWmu6sZhIseY8VX+GRu3P6F7Fu+JNDoXfklElbLJSnc3FUQHVe4cU5hj+BcUg==",
      "engines": {
        "node": ">=0.10.0"
      }
    },
    "node_modules/parse-url-query-params": {
      "version": "0.0.7",
      "resolved": "https://registry.npmjs.org/parse-url-query-params/-/parse-url-query-params-0.0.7.tgz",
      "integrity": "sha512-pDdYtymyXQcOTaHmRER7JO6sxtn5XeKLjhrhiboeICc/8LlR0VT+3odr6lvxXZL5vv6PGcS28D+U2hvq9zRDcw==",
      "dependencies": {
        "disable-snapshot-testing": "^0.0.6",
        "handle-window-undefined": "^0.0.5",
        "parse-url-query-params": "^0.0.7",
        "react-window-dimensions-hook": "^0.0.6"
      }
    },
    "node_modules/prop-types": {
      "version": "15.8.1",
      "resolved": "https://registry.npmjs.org/prop-types/-/prop-types-15.8.1.tgz",
      "integrity": "sha512-oj87CgZICdulUohogVAR7AjlC0327U4el4L6eAvOqCeudMDVU0NThNaV+b9Df4dXgSP1gXMTnPdhfe/2qDH5cg==",
      "dependencies": {
        "loose-envify": "^1.4.0",
        "object-assign": "^4.1.1",
        "react-is": "^16.13.1"
      }
    },
    "node_modules/react": {
      "version": "16.14.0",
      "resolved": "https://registry.npmjs.org/react/-/react-16.14.0.tgz",
      "integrity": "sha512-0X2CImDkJGApiAlcf0ODKIneSwBPhqJawOa5wCtKbu7ZECrmS26NvtSILynQ66cgkT/RJ4LidJOc3bUESwmU8g==",
      "dependencies": {
        "loose-envify": "^1.1.0",
        "object-assign": "^4.1.1",
        "prop-types": "^15.6.2"
      },
      "engines": {
        "node": ">=0.10.0"
      }
    },
    "node_modules/react-is": {
      "version": "16.13.1",
      "resolved": "https://registry.npmjs.org/react-is/-/react-is-16.13.1.tgz",
      "integrity": "sha512-24e6ynE2H+OKt4kqsOvNd8kBpV65zoxbA4BVsEOB3ARVWQki/DHzaUoC5KuON/BiccDaCCTZBuOcfZs70kR8bQ=="
    },
    "node_modules/react-window-dimensions-hook": {
      "version": "0.0.6",
      "resolved": "https://registry.npmjs.org/react-window-dimensions-hook/-/react-window-dimensions-hook-0.0.6.tgz",
      "integrity": "sha512-5hYB28pDSguDFXgaD+zEFIczpJ5t/t4pWDVuOcfhLPLHivNgYshnbLBnmTYren5zJGgWoX3bMvOVbu0qXYQNDw==",
      "dependencies": {
        "disable-snapshot-testing": "^0.0.6",
        "handle-window-undefined": "^0.0.5",
        "parse-url-query-params": "^0.0.7",
        "react": "^16.8.0",
        "react-window-dimensions-hook": "^0.0.6"
      }
    }
  },
  "dependencies": {
    "convert-fetch-to-curl": {
      "version": "0.0.3",
      "resolved": "https://registry.npmjs.org/convert-fetch-to-curl/-/convert-fetch-to-curl-0.0.3.tgz",
      "integrity": "sha512-XwOnzWE9zRq2lrP5UPBlqt26FAeYxUmNqaLNlICNB2AViK07/x7iPM2SfheOo7OqRTX3HkWuuD7AYMTYh5xijQ==",
      "requires": {
        "disable-snapshot-testing": "^0.0.6",
        "handle-window-undefined": "^0.0.5",
        "parse-url-query-params": "^0.0.7",
        "react-window-dimensions-hook": "^0.0.6"
      }
    },
    "disable-snapshot-testing": {
      "version": "0.0.6",
      "resolved": "https://registry.npmjs.org/disable-snapshot-testing/-/disable-snapshot-testing-0.0.6.tgz",
      "integrity": "sha512-86bdFD64mvT6EWFiwVpOlB328aZWqVg+ep/gXIG3e8jD1LXCiNtQpuTqscbDgu4R3GN7IFgfXnGmWydQcpDcCg==",
      "requires": {
        "disable-snapshot-testing": "^0.0.6",
        "handle-window-undefined": "^0.0.5",
        "parse-url-query-params": "^0.0.7",
        "react": "^16.8.0",
        "react-window-dimensions-hook": "^0.0.6"
      }
    },
    "handle-window-undefined": {
      "version": "0.0.5",
      "resolved": "https://registry.npmjs.org/handle-window-undefined/-/handle-window-undefined-0.0.5.tgz",
      "integrity": "sha512-/+WWkM9IF5O1IX2sKfsz5x2VpopnSdSQYu+NhFdXz+JMLyi5uTUUsE8YibapCeot71qkWifjaMlCZvjELRAKyw==",
      "requires": {
        "disable-snapshot-testing": "^0.0.6",
        "handle-window-undefined": "^0.0.5",
        "parse-url-query-params": "^0.0.7",
        "react": "^16.8.0",
        "react-window-dimensions-hook": "^0.0.6"
      }
    },
    "js-tokens": {
      "version": "4.0.0",
      "resolved": "https://registry.npmjs.org/js-tokens/-/js-tokens-4.0.0.tgz",
      "integrity": "sha512-RdJUflcE3cUzKiMqQgsCu06FPu9UdIJO0beYbPhHN4k6apgJtifcoCtT9bcxOpYBtpD2kCM6Sbzg4CausW/PKQ=="
    },
    "loose-envify": {
      "version": "1.4.0",
      "resolved": "https://registry.npmjs.org/loose-envify/-/loose-envify-1.4.0.tgz",
      "integrity": "sha512-lyuxPGr/Wfhrlem2CL/UcnUc1zcqKAImBDzukY7Y5F/yQiNdko6+fRLevlw1HgMySw7f611UIY408EtxRSoK3Q==",
      "requires": {
        "js-tokens": "^3.0.0 || ^4.0.0"
      }
    },
    "object-assign": {
      "version": "4.1.1",
      "resolved": "https://registry.npmjs.org/object-assign/-/object-assign-4.1.1.tgz",
      "integrity": "sha512-rJgTQnkUnH1sFw8yT6VSU3zD3sWmu6sZhIseY8VX+GRu3P6F7Fu+JNDoXfklElbLJSnc3FUQHVe4cU5hj+BcUg=="
    },
    "parse-url-query-params": {
      "version": "0.0.7",
      "resolved": "https://registry.npmjs.org/parse-url-query-params/-/parse-url-query-params-0.0.7.tgz",
      "integrity": "sha512-pDdYtymyXQcOTaHmRER7JO6sxtn5XeKLjhrhiboeICc/8LlR0VT+3odr6lvxXZL5vv6PGcS28D+U2hvq9zRDcw==",
      "requires": {
        "disable-snapshot-testing": "^0.0.6",
        "handle-window-undefined": "^0.0.5",
        "parse-url-query-params": "^0.0.7",
        "react-window-dimensions-hook": "^0.0.6"
      }
    },
    "prop-types": {
      "version": "15.8.1",
      "resolved": "https://registry.npmjs.org/prop-types/-/prop-types-15.8.1.tgz",
      "integrity": "sha512-oj87CgZICdulUohogVAR7AjlC0327U4el4L6eAvOqCeudMDVU0NThNaV+b9Df4dXgSP1gXMTnPdhfe/2qDH5cg==",
      "requires": {
        "loose-envify": "^1.4.0",
        "object-assign": "^4.1.1",
        "react-is": "^16.13.1"
      }
    },
    "react": {
      "version": "16.14.0",
      "resolved": "https://registry.npmjs.org/react/-/react-16.14.0.tgz",
      "integrity": "sha512-0X2CImDkJGApiAlcf0ODKIneSwBPhqJawOa5wCtKbu7ZECrmS26NvtSILynQ66cgkT/RJ4LidJOc3bUESwmU8g==",
      "requires": {
        "loose-envify": "^1.1.0",
        "object-assign": "^4.1.1",
        "prop-types": "^15.6.2"
      }
    },
    "react-is": {
      "version": "16.13.1",
      "resolved": "https://registry.npmjs.org/react-is/-/react-is-16.13.1.tgz",
      "integrity": "sha512-24e6ynE2H+OKt4kqsOvNd8kBpV65zoxbA4BVsEOB3ARVWQki/DHzaUoC5KuON/BiccDaCCTZBuOcfZs70kR8bQ=="
    },
    "react-window-dimensions-hook": {
      "version": "0.0.6",
      "resolved": "https://registry.npmjs.org/react-window-dimensions-hook/-/react-window-dimensions-hook-0.0.6.tgz",
      "integrity": "sha512-5hYB28pDSguDFXgaD+zEFIczpJ5t/t4pWDVuOcfhLPLHivNgYshnbLBnmTYren5zJGgWoX3bMvOVbu0qXYQNDw==",
      "requires": {
        "disable-snapshot-testing": "^0.0.6",
        "handle-window-undefined": "^0.0.5",
        "parse-url-query-params": "^0.0.7",
        "react": "^16.8.0",
        "react-window-dimensions-hook": "^0.0.6"
      }
    }
  }
}
